
Microsoft Visual Studio Solution File, Format Version 12.00
# Visual Studio Version 16
VisualStudioVersion = 16.0.29418.71
MinimumVisualStudioVersion = 10.0.40219.1
Project("{FAE04EC0-301F-11D3-BF4B-00C04F79EFBC}") = "LaboratorioASPNET", "LaboratorioASPNET\LaboratorioASPNET.csproj", "{E3D64E6D-416E-4C2C-AB31-1931CEE102F1}"
EndProject
Global
	GlobalSection(SolutionConfigurationPlatforms) = preSolution
		Debug|Any CPU = Debug|Any CPU
		Release|Any CPU = Release|Any CPU
	EndGlobalSection
	GlobalSection(ProjectConfigurationPlatforms) = postSolution
		{E3D64E6D-416E-4C2C-AB31-1931CEE102F1}.Debug|Any CPU.ActiveCfg = Debug|Any CPU
		{E3D64E6D-416E-4C2C-AB31-1931CEE102F1}.Debug|Any CPU.Build.0 = Debug|Any CPU
		{E3D64E6D-416E-4C2C-AB31-1931CEE102F1}.Release|Any CPU.ActiveCfg = Release|Any CPU
		{E3D64E6D-416E-4C2C-AB31-1931CEE102F1}.Release|Any CPU.Build.0 = Release|Any CPU
	EndGlobalSection
	GlobalSection(SolutionProperties) = preSolution
		HideSolutionNode = FALSE
	EndGlobalSection
	GlobalSection(ExtensibilityGlobals) = postSolution
		SolutionGuid = {C92E5612-2E81-4BE2-94C9-06323F5E2831}
	EndGlobalSection
EndGlobal
